github.com/hugo-agent-zero/hugo-agent-zero-core v0.0.0-20260828155933-d1512e080fcb h1:2Yfu+qs7uLE2GkiDcCuATzSS3Wsy0aWJY5PRJs3V4pc=
github.com/hugo-agent-zero/hugo-agent-zero-core v0.0.0-20260828155933-d1512e080fcb/go.mod h1:lQf8ZgwIUhsQGIAKWB+11Gz6yrzxoQ/1rTO6UyNKWQQ=
github.com/hugo-agent-zero/hugoagentzero_com-content v0.0.0-20260818191431-0ca5f672da5a h1:lrosCWtuEG+e0VpfvJQ2z31wAbOl5ZtnXXt5uHU8WiI=
github.com/hugo-agent-zero/hugoagentzero_com-content v0.0.0-20260818191431-0ca5f672da5a/go.mod h1:QjHB3ZXXZyPIxnGM6MxPyzFYA/9RsmdydjURdXZyHtA=
