github.com/hugo-agent-zero/hugo-agent-zero-core v1.0.1-0.20260916223645-68038c288eaf h1:ByFVJ1Hi56SdN3l2R9xNQyoR8JeJgVOE0eXVAbv1d3A=
github.com/hugo-agent-zero/hugo-agent-zero-core v1.0.1-0.20260916223645-68038c288eaf/go.mod h1:lQf8ZgwIUhsQGIAKWB+11Gz6yrzxoQ/1rTO6UyNKWQQ=
github.com/hugo-agent-zero/hugoagentzero_com-content v0.0.0-20260916185255-471533718edd h1:hKxyJzc2x/veAWobJz2mEyVv5YkQmTdQhJV7am4mCQw=
github.com/hugo-agent-zero/hugoagentzero_com-content v0.0.0-20260916185255-471533718edd/go.mod h1:QjHB3ZXXZyPIxnGM6MxPyzFYA/9RsmdydjURdXZyHtA=
