github.com/hugo-agent-zero/hugo-agent-zero-core v1.0.1-0.20260916220728-7c23acbe224e h1:f69ZNuC8zg8DI58La7lPqGW+8HZyz6BpuVRJ/YPmO9c=
github.com/hugo-agent-zero/hugo-agent-zero-core v1.0.1-0.20260916220728-7c23acbe224e/go.mod h1:lQf8ZgwIUhsQGIAKWB+11Gz6yrzxoQ/1rTO6UyNKWQQ=
github.com/hugo-agent-zero/hugoagentzero_com-content v0.0.0-20260916185255-471533718edd h1:hKxyJzc2x/veAWobJz2mEyVv5YkQmTdQhJV7am4mCQw=
github.com/hugo-agent-zero/hugoagentzero_com-content v0.0.0-20260916185255-471533718edd/go.mod h1:QjHB3ZXXZyPIxnGM6MxPyzFYA/9RsmdydjURdXZyHtA=
